
Microsoft Visual Studio Solution File, Format Version 12.00
# Visual Studio Version 17
VisualStudioVersion = 17.10.35004.147
MinimumVisualStudioVersion = 10.0.40219.1
Project("{9A19103F-16F7-4668-BE54-9A1E7A4F7556}") = "01ArrayAndList", "TechSharing\01ArrayAndList.csproj", "{45A32354-02F2-46C9-B0BE-E446887670E6}"
EndProject
Project("{9A19103F-16F7-4668-BE54-9A1E7A4F7556}") = "03StringComparison", "StringComparison\03StringComparison.csproj", "{3C5B5660-1F33-4788-8AD7-000948409ABD}"
EndProject
Project("{9A19103F-16F7-4668-BE54-9A1E7A4F7556}") = "05StringSplit", "StringSplit\05StringSplit.csproj", "{F3345B9F-8506-4DB3-AB54-0AC8EDA0EDB2}"
EndProject
Project("{9A19103F-16F7-4668-BE54-9A1E7A4F7556}") = "02ListCountAndAny", "ListCountAndAny\02ListCountAndAny.csproj", "{D7C74B2E-92B9-4C27-A025-34104F391B16}"
EndProject
Project("{9A19103F-16F7-4668-BE54-9A1E7A4F7556}") = "04StringContains", "StringIndexOfContains\04StringContains.csproj", "{3D8DAF02-9645-41F8-8EE0-DDEB813F2CEC}"
EndProject
Project("{9A19103F-16F7-4668-BE54-9A1E7A4F7556}") = "06StringConstructor", "06StringConstructor\06StringConstructor.csproj", "{6E55A742-37B3-48FD-82CB-3F7207F26C5A}"
EndProject
Project("{9A19103F-16F7-4668-BE54-9A1E7A4F7556}") = "09StateMachineAlgorithm", "StateMachineAlgorithm\09StateMachineAlgorithm.csproj", "{5F4E3F3E-0564-4104-B36F-FFDC6B15D5D1}"
EndProject
Project("{9A19103F-16F7-4668-BE54-9A1E7A4F7556}") = "08FrozenDic", "FrozenDic\08FrozenDic.csproj", "{808015FA-524C-4593-92B0-2D83CE50E897}"
EndProject
Project("{9A19103F-16F7-4668-BE54-9A1E7A4F7556}") = "LogWithStringTemplate", "LogWithStringTemplate\LogWithStringTemplate.csproj", "{26061D28-4C75-40CE-A9FF-D2A28CE499F0}"
EndProject
Project("{2150E333-8FDC-42A3-9474-1A3956D46DE8}") = "gRpc", "gRpc", "{42B1E702-6DB7-4878-AA74-AA2199717A1F}"
EndProject
Project("{2150E333-8FDC-42A3-9474-1A3956D46DE8}") = "Benchmarks", "Benchmarks", "{5FF5590A-6183-4F24-A331-E45F2EC08F28}"
EndProject
Project("{2150E333-8FDC-42A3-9474-1A3956D46DE8}") = "Algorithms", "Algorithms", "{5B1F8622-BC35-4A99-A876-68464E131F0E}"
EndProject
Project("{9A19103F-16F7-4668-BE54-9A1E7A4F7556}") = "GrpcServerSide", "GrpcServerSide\GrpcServerSide.csproj", "{C78E4538-2B8C-4993-B7E7-86834F0D7F2E}"
EndProject
Project("{9A19103F-16F7-4668-BE54-9A1E7A4F7556}") = "Consumer", "Consumer\Consumer.csproj", "{6A54C738-D578-4EBC-85E4-17AA8DEAE0CD}"
EndProject
Project("{9A19103F-16F7-4668-BE54-9A1E7A4F7556}") = "DeserializerCompare", "DeserializerCompare\DeserializerCompare.csproj", "{FF5AC75F-EA06-4067-A1EC-4B4933AE85D7}"
EndProject
Project("{2150E333-8FDC-42A3-9474-1A3956D46DE8}") = "Roslyn", "Roslyn", "{8EE96DE3-CA3C-4AC9-B1D4-1130EEBC3FB4}"
	ProjectSection(SolutionItems) = preProject
		..\..\Desktop\微信图片_20240920153237.png = ..\..\Desktop\微信图片_20240920153237.png
	EndProjectSection
EndProject
Project("{FAE04EC0-301F-11D3-BF4B-00C04F79EFBC}") = "RoslynUsing", "RoslynUsing\RoslynUsing.csproj", "{E5D2C2DE-636F-4D26-8926-539E1DF5A8D2}"
EndProject
Global
	GlobalSection(SolutionConfigurationPlatforms) = preSolution
		Debug|Any CPU = Debug|Any CPU
		Release|Any CPU = Release|Any CPU
	EndGlobalSection
	GlobalSection(ProjectConfigurationPlatforms) = postSolution
		{45A32354-02F2-46C9-B0BE-E446887670E6}.Debug|Any CPU.ActiveCfg = Debug|Any CPU
		{45A32354-02F2-46C9-B0BE-E446887670E6}.Debug|Any CPU.Build.0 = Debug|Any CPU
		{45A32354-02F2-46C9-B0BE-E446887670E6}.Release|Any CPU.ActiveCfg = Release|Any CPU
		{45A32354-02F2-46C9-B0BE-E446887670E6}.Release|Any CPU.Build.0 = Release|Any CPU
		{3C5B5660-1F33-4788-8AD7-000948409ABD}.Debug|Any CPU.ActiveCfg = Debug|Any CPU
		{3C5B5660-1F33-4788-8AD7-000948409ABD}.Debug|Any CPU.Build.0 = Debug|Any CPU
		{3C5B5660-1F33-4788-8AD7-000948409ABD}.Release|Any CPU.ActiveCfg = Release|Any CPU
		{3C5B5660-1F33-4788-8AD7-000948409ABD}.Release|Any CPU.Build.0 = Release|Any CPU
		{F3345B9F-8506-4DB3-AB54-0AC8EDA0EDB2}.Debug|Any CPU.ActiveCfg = Debug|Any CPU
		{F3345B9F-8506-4DB3-AB54-0AC8EDA0EDB2}.Debug|Any CPU.Build.0 = Debug|Any CPU
		{F3345B9F-8506-4DB3-AB54-0AC8EDA0EDB2}.Release|Any CPU.ActiveCfg = Release|Any CPU
		{F3345B9F-8506-4DB3-AB54-0AC8EDA0EDB2}.Release|Any CPU.Build.0 = Release|Any CPU
		{D7C74B2E-92B9-4C27-A025-34104F391B16}.Debug|Any CPU.ActiveCfg = Debug|Any CPU
		{D7C74B2E-92B9-4C27-A025-34104F391B16}.Debug|Any CPU.Build.0 = Debug|Any CPU
		{D7C74B2E-92B9-4C27-A025-34104F391B16}.Release|Any CPU.ActiveCfg = Release|Any CPU
		{D7C74B2E-92B9-4C27-A025-34104F391B16}.Release|Any CPU.Build.0 = Release|Any CPU
		{3D8DAF02-9645-41F8-8EE0-DDEB813F2CEC}.Debug|Any CPU.ActiveCfg = Debug|Any CPU
		{3D8DAF02-9645-41F8-8EE0-DDEB813F2CEC}.Debug|Any CPU.Build.0 = Debug|Any CPU
		{3D8DAF02-9645-41F8-8EE0-DDEB813F2CEC}.Release|Any CPU.ActiveCfg = Release|Any CPU
		{3D8DAF02-9645-41F8-8EE0-DDEB813F2CEC}.Release|Any CPU.Build.0 = Release|Any CPU
		{6E55A742-37B3-48FD-82CB-3F7207F26C5A}.Debug|Any CPU.ActiveCfg = Debug|Any CPU
		{6E55A742-37B3-48FD-82CB-3F7207F26C5A}.Debug|Any CPU.Build.0 = Debug|Any CPU
		{6E55A742-37B3-48FD-82CB-3F7207F26C5A}.Release|Any CPU.ActiveCfg = Release|Any CPU
		{6E55A742-37B3-48FD-82CB-3F7207F26C5A}.Release|Any CPU.Build.0 = Release|Any CPU
		{5F4E3F3E-0564-4104-B36F-FFDC6B15D5D1}.Debug|Any CPU.ActiveCfg = Debug|Any CPU
		{5F4E3F3E-0564-4104-B36F-FFDC6B15D5D1}.Debug|Any CPU.Build.0 = Debug|Any CPU
		{5F4E3F3E-0564-4104-B36F-FFDC6B15D5D1}.Release|Any CPU.ActiveCfg = Release|Any CPU
		{5F4E3F3E-0564-4104-B36F-FFDC6B15D5D1}.Release|Any CPU.Build.0 = Release|Any CPU
		{808015FA-524C-4593-92B0-2D83CE50E897}.Debug|Any CPU.ActiveCfg = Debug|Any CPU
		{808015FA-524C-4593-92B0-2D83CE50E897}.Debug|Any CPU.Build.0 = Debug|Any CPU
		{808015FA-524C-4593-92B0-2D83CE50E897}.Release|Any CPU.ActiveCfg = Release|Any CPU
		{808015FA-524C-4593-92B0-2D83CE50E897}.Release|Any CPU.Build.0 = Release|Any CPU
		{26061D28-4C75-40CE-A9FF-D2A28CE499F0}.Debug|Any CPU.ActiveCfg = Debug|Any CPU
		{26061D28-4C75-40CE-A9FF-D2A28CE499F0}.Debug|Any CPU.Build.0 = Debug|Any CPU
		{26061D28-4C75-40CE-A9FF-D2A28CE499F0}.Release|Any CPU.ActiveCfg = Release|Any CPU
		{26061D28-4C75-40CE-A9FF-D2A28CE499F0}.Release|Any CPU.Build.0 = Release|Any CPU
		{C78E4538-2B8C-4993-B7E7-86834F0D7F2E}.Debug|Any CPU.ActiveCfg = Debug|Any CPU
		{C78E4538-2B8C-4993-B7E7-86834F0D7F2E}.Debug|Any CPU.Build.0 = Debug|Any CPU
		{C78E4538-2B8C-4993-B7E7-86834F0D7F2E}.Release|Any CPU.ActiveCfg = Release|Any CPU
		{C78E4538-2B8C-4993-B7E7-86834F0D7F2E}.Release|Any CPU.Build.0 = Release|Any CPU
		{6A54C738-D578-4EBC-85E4-17AA8DEAE0CD}.Debug|Any CPU.ActiveCfg = Debug|Any CPU
		{6A54C738-D578-4EBC-85E4-17AA8DEAE0CD}.Debug|Any CPU.Build.0 = Debug|Any CPU
		{6A54C738-D578-4EBC-85E4-17AA8DEAE0CD}.Release|Any CPU.ActiveCfg = Release|Any CPU
		{6A54C738-D578-4EBC-85E4-17AA8DEAE0CD}.Release|Any CPU.Build.0 = Release|Any CPU
		{FF5AC75F-EA06-4067-A1EC-4B4933AE85D7}.Debug|Any CPU.ActiveCfg = Debug|Any CPU
		{FF5AC75F-EA06-4067-A1EC-4B4933AE85D7}.Debug|Any CPU.Build.0 = Debug|Any CPU
		{FF5AC75F-EA06-4067-A1EC-4B4933AE85D7}.Release|Any CPU.ActiveCfg = Release|Any CPU
		{FF5AC75F-EA06-4067-A1EC-4B4933AE85D7}.Release|Any CPU.Build.0 = Release|Any CPU
		{E5D2C2DE-636F-4D26-8926-539E1DF5A8D2}.Debug|Any CPU.ActiveCfg = Debug|Any CPU
		{E5D2C2DE-636F-4D26-8926-539E1DF5A8D2}.Debug|Any CPU.Build.0 = Debug|Any CPU
		{E5D2C2DE-636F-4D26-8926-539E1DF5A8D2}.Release|Any CPU.ActiveCfg = Release|Any CPU
		{E5D2C2DE-636F-4D26-8926-539E1DF5A8D2}.Release|Any CPU.Build.0 = Release|Any CPU
	EndGlobalSection
	GlobalSection(SolutionProperties) = preSolution
		HideSolutionNode = FALSE
	EndGlobalSection
	GlobalSection(NestedProjects) = preSolution
		{45A32354-02F2-46C9-B0BE-E446887670E6} = {5FF5590A-6183-4F24-A331-E45F2EC08F28}
		{3C5B5660-1F33-4788-8AD7-000948409ABD} = {5FF5590A-6183-4F24-A331-E45F2EC08F28}
		{F3345B9F-8506-4DB3-AB54-0AC8EDA0EDB2} = {5FF5590A-6183-4F24-A331-E45F2EC08F28}
		{D7C74B2E-92B9-4C27-A025-34104F391B16} = {5FF5590A-6183-4F24-A331-E45F2EC08F28}
		{3D8DAF02-9645-41F8-8EE0-DDEB813F2CEC} = {5FF5590A-6183-4F24-A331-E45F2EC08F28}
		{6E55A742-37B3-48FD-82CB-3F7207F26C5A} = {5FF5590A-6183-4F24-A331-E45F2EC08F28}
		{5F4E3F3E-0564-4104-B36F-FFDC6B15D5D1} = {5B1F8622-BC35-4A99-A876-68464E131F0E}
		{808015FA-524C-4593-92B0-2D83CE50E897} = {5FF5590A-6183-4F24-A331-E45F2EC08F28}
		{26061D28-4C75-40CE-A9FF-D2A28CE499F0} = {5FF5590A-6183-4F24-A331-E45F2EC08F28}
		{C78E4538-2B8C-4993-B7E7-86834F0D7F2E} = {42B1E702-6DB7-4878-AA74-AA2199717A1F}
		{6A54C738-D578-4EBC-85E4-17AA8DEAE0CD} = {42B1E702-6DB7-4878-AA74-AA2199717A1F}
		{FF5AC75F-EA06-4067-A1EC-4B4933AE85D7} = {42B1E702-6DB7-4878-AA74-AA2199717A1F}
		{E5D2C2DE-636F-4D26-8926-539E1DF5A8D2} = {8EE96DE3-CA3C-4AC9-B1D4-1130EEBC3FB4}
	EndGlobalSection
	GlobalSection(ExtensibilityGlobals) = postSolution
		SolutionGuid = {8D58BB77-22F2-43A0-8943-8D4A5C1C3CB9}
	EndGlobalSection
EndGlobal
