
Microsoft Visual Studio Solution File, Format Version 12.00
# Visual Studio Version 17
VisualStudioVersion = 17.10.35004.147
MinimumVisualStudioVersion = 10.0.40219.1
Project("{9A19103F-16F7-4668-BE54-9A1E7A4F7556}") = "StringSplit", "StringSplit\StringSplit.csproj", "{F3345B9F-8506-4DB3-AB54-0AC8EDA0EDB2}"
EndProject
Project("{9A19103F-16F7-4668-BE54-9A1E7A4F7556}") = "StateMachineAlgorithm", "StateMachineAlgorithm\StateMachineAlgorithm.csproj", "{5F4E3F3E-0564-4104-B36F-FFDC6B15D5D1}"
EndProject
Project("{9A19103F-16F7-4668-BE54-9A1E7A4F7556}") = "FrozenDic", "FrozenDic\FrozenDic.csproj", "{808015FA-524C-4593-92B0-2D83CE50E897}"
EndProject
Project("{9A19103F-16F7-4668-BE54-9A1E7A4F7556}") = "LogWithStringTemplate", "LogWithStringTemplate\LogWithStringTemplate.csproj", "{26061D28-4C75-40CE-A9FF-D2A28CE499F0}"
EndProject
Project("{2150E333-8FDC-42A3-9474-1A3956D46DE8}") = "gRpc", "gRpc", "{42B1E702-6DB7-4878-AA74-AA2199717A1F}"
EndProject
Project("{2150E333-8FDC-42A3-9474-1A3956D46DE8}") = "Benchmarks", "Benchmarks", "{5FF5590A-6183-4F24-A331-E45F2EC08F28}"
EndProject
Project("{2150E333-8FDC-42A3-9474-1A3956D46DE8}") = "Algorithms", "Algorithms", "{5B1F8622-BC35-4A99-A876-68464E131F0E}"
EndProject
Project("{9A19103F-16F7-4668-BE54-9A1E7A4F7556}") = "GrpcServerSide", "GrpcServerSide\GrpcServerSide.csproj", "{C78E4538-2B8C-4993-B7E7-86834F0D7F2E}"
EndProject
Project("{9A19103F-16F7-4668-BE54-9A1E7A4F7556}") = "Consumer", "Consumer\Consumer.csproj", "{6A54C738-D578-4EBC-85E4-17AA8DEAE0CD}"
EndProject
Project("{9A19103F-16F7-4668-BE54-9A1E7A4F7556}") = "DeserializerCompare", "DeserializerCompare\DeserializerCompare.csproj", "{FF5AC75F-EA06-4067-A1EC-4B4933AE85D7}"
EndProject
Project("{2150E333-8FDC-42A3-9474-1A3956D46DE8}") = "Roslyn", "Roslyn", "{8EE96DE3-CA3C-4AC9-B1D4-1130EEBC3FB4}"
EndProject
Project("{9A19103F-16F7-4668-BE54-9A1E7A4F7556}") = "RoslynUsing", "RoslynUsing\RoslynUsing.csproj", "{E5D2C2DE-636F-4D26-8926-539E1DF5A8D2}"
EndProject
Project("{9A19103F-16F7-4668-BE54-9A1E7A4F7556}") = "GetStackTrace", "10GetStackTrace\GetStackTrace.csproj", "{25DEE36C-856F-40F8-B9D4-0909CCA5B968}"
EndProject
Project("{2150E333-8FDC-42A3-9474-1A3956D46DE8}") = "FluentValidation", "FluentValidation", "{CB337A23-6DDA-407B-8D45-4C7CC073A6CF}"
EndProject
Project("{9A19103F-16F7-4668-BE54-9A1E7A4F7556}") = "FluentValidationDemo", "FluentValidationDemo\FluentValidationDemo.csproj", "{F51E8C4B-953C-48C2-9DB0-355EE5F5DFFF}"
EndProject
Project("{9A19103F-16F7-4668-BE54-9A1E7A4F7556}") = "Benchmarks", "Benchmarks\Benchmarks.csproj", "{2A4388BE-1037-4E86-84FF-A0130AA0A40A}"
EndProject
Project("{2150E333-8FDC-42A3-9474-1A3956D46DE8}") = "Scalar", "Scalar", "{ED735326-33E0-4E88-980D-4FCC89682626}"
EndProject
Project("{FAE04EC0-301F-11D3-BF4B-00C04F79EFBC}") = "Net8Usage", "Net8Usage\Net8Usage.csproj", "{8DC85419-08E7-47DC-9191-D9D9DE8D7A0B}"
EndProject
Project("{FAE04EC0-301F-11D3-BF4B-00C04F79EFBC}") = "Net9Usage", "Net9Usage\Net9Usage.csproj", "{E6F6A3A4-1141-49E8-8DA7-B57FB15453E6}"
EndProject
Project("{2150E333-8FDC-42A3-9474-1A3956D46DE8}") = "GuardClause", "GuardClause", "{A3A03EC6-C03F-4A15-A14E-D47F3574329C}"
EndProject
Project("{FAE04EC0-301F-11D3-BF4B-00C04F79EFBC}") = "GuardClause", "GuardClause\GuardClause.csproj", "{EE821644-2A58-4F7B-A87A-0DF77E0381DC}"
EndProject
Global
	GlobalSection(SolutionConfigurationPlatforms) = preSolution
		Debug|Any CPU = Debug|Any CPU
		Release|Any CPU = Release|Any CPU
	EndGlobalSection
	GlobalSection(ProjectConfigurationPlatforms) = postSolution
		{F3345B9F-8506-4DB3-AB54-0AC8EDA0EDB2}.Debug|Any CPU.ActiveCfg = Debug|Any CPU
		{F3345B9F-8506-4DB3-AB54-0AC8EDA0EDB2}.Debug|Any CPU.Build.0 = Debug|Any CPU
		{F3345B9F-8506-4DB3-AB54-0AC8EDA0EDB2}.Release|Any CPU.ActiveCfg = Release|Any CPU
		{F3345B9F-8506-4DB3-AB54-0AC8EDA0EDB2}.Release|Any CPU.Build.0 = Release|Any CPU
		{5F4E3F3E-0564-4104-B36F-FFDC6B15D5D1}.Debug|Any CPU.ActiveCfg = Debug|Any CPU
		{5F4E3F3E-0564-4104-B36F-FFDC6B15D5D1}.Debug|Any CPU.Build.0 = Debug|Any CPU
		{5F4E3F3E-0564-4104-B36F-FFDC6B15D5D1}.Release|Any CPU.ActiveCfg = Release|Any CPU
		{5F4E3F3E-0564-4104-B36F-FFDC6B15D5D1}.Release|Any CPU.Build.0 = Release|Any CPU
		{808015FA-524C-4593-92B0-2D83CE50E897}.Debug|Any CPU.ActiveCfg = Debug|Any CPU
		{808015FA-524C-4593-92B0-2D83CE50E897}.Debug|Any CPU.Build.0 = Debug|Any CPU
		{808015FA-524C-4593-92B0-2D83CE50E897}.Release|Any CPU.ActiveCfg = Release|Any CPU
		{808015FA-524C-4593-92B0-2D83CE50E897}.Release|Any CPU.Build.0 = Release|Any CPU
		{26061D28-4C75-40CE-A9FF-D2A28CE499F0}.Debug|Any CPU.ActiveCfg = Debug|Any CPU
		{26061D28-4C75-40CE-A9FF-D2A28CE499F0}.Debug|Any CPU.Build.0 = Debug|Any CPU
		{26061D28-4C75-40CE-A9FF-D2A28CE499F0}.Release|Any CPU.ActiveCfg = Release|Any CPU
		{26061D28-4C75-40CE-A9FF-D2A28CE499F0}.Release|Any CPU.Build.0 = Release|Any CPU
		{C78E4538-2B8C-4993-B7E7-86834F0D7F2E}.Debug|Any CPU.ActiveCfg = Debug|Any CPU
		{C78E4538-2B8C-4993-B7E7-86834F0D7F2E}.Debug|Any CPU.Build.0 = Debug|Any CPU
		{C78E4538-2B8C-4993-B7E7-86834F0D7F2E}.Release|Any CPU.ActiveCfg = Release|Any CPU
		{C78E4538-2B8C-4993-B7E7-86834F0D7F2E}.Release|Any CPU.Build.0 = Release|Any CPU
		{6A54C738-D578-4EBC-85E4-17AA8DEAE0CD}.Debug|Any CPU.ActiveCfg = Debug|Any CPU
		{6A54C738-D578-4EBC-85E4-17AA8DEAE0CD}.Debug|Any CPU.Build.0 = Debug|Any CPU
		{6A54C738-D578-4EBC-85E4-17AA8DEAE0CD}.Release|Any CPU.ActiveCfg = Release|Any CPU
		{6A54C738-D578-4EBC-85E4-17AA8DEAE0CD}.Release|Any CPU.Build.0 = Release|Any CPU
		{FF5AC75F-EA06-4067-A1EC-4B4933AE85D7}.Debug|Any CPU.ActiveCfg = Debug|Any CPU
		{FF5AC75F-EA06-4067-A1EC-4B4933AE85D7}.Debug|Any CPU.Build.0 = Debug|Any CPU
		{FF5AC75F-EA06-4067-A1EC-4B4933AE85D7}.Release|Any CPU.ActiveCfg = Release|Any CPU
		{FF5AC75F-EA06-4067-A1EC-4B4933AE85D7}.Release|Any CPU.Build.0 = Release|Any CPU
		{E5D2C2DE-636F-4D26-8926-539E1DF5A8D2}.Debug|Any CPU.ActiveCfg = Debug|Any CPU
		{E5D2C2DE-636F-4D26-8926-539E1DF5A8D2}.Debug|Any CPU.Build.0 = Debug|Any CPU
		{E5D2C2DE-636F-4D26-8926-539E1DF5A8D2}.Release|Any CPU.ActiveCfg = Release|Any CPU
		{E5D2C2DE-636F-4D26-8926-539E1DF5A8D2}.Release|Any CPU.Build.0 = Release|Any CPU
		{25DEE36C-856F-40F8-B9D4-0909CCA5B968}.Debug|Any CPU.ActiveCfg = Debug|Any CPU
		{25DEE36C-856F-40F8-B9D4-0909CCA5B968}.Debug|Any CPU.Build.0 = Debug|Any CPU
		{25DEE36C-856F-40F8-B9D4-0909CCA5B968}.Release|Any CPU.ActiveCfg = Release|Any CPU
		{25DEE36C-856F-40F8-B9D4-0909CCA5B968}.Release|Any CPU.Build.0 = Release|Any CPU
		{F51E8C4B-953C-48C2-9DB0-355EE5F5DFFF}.Debug|Any CPU.ActiveCfg = Debug|Any CPU
		{F51E8C4B-953C-48C2-9DB0-355EE5F5DFFF}.Debug|Any CPU.Build.0 = Debug|Any CPU
		{F51E8C4B-953C-48C2-9DB0-355EE5F5DFFF}.Release|Any CPU.ActiveCfg = Release|Any CPU
		{F51E8C4B-953C-48C2-9DB0-355EE5F5DFFF}.Release|Any CPU.Build.0 = Release|Any CPU
		{2A4388BE-1037-4E86-84FF-A0130AA0A40A}.Debug|Any CPU.ActiveCfg = Debug|Any CPU
		{2A4388BE-1037-4E86-84FF-A0130AA0A40A}.Debug|Any CPU.Build.0 = Debug|Any CPU
		{2A4388BE-1037-4E86-84FF-A0130AA0A40A}.Release|Any CPU.ActiveCfg = Release|Any CPU
		{2A4388BE-1037-4E86-84FF-A0130AA0A40A}.Release|Any CPU.Build.0 = Release|Any CPU
		{8DC85419-08E7-47DC-9191-D9D9DE8D7A0B}.Debug|Any CPU.ActiveCfg = Debug|Any CPU
		{8DC85419-08E7-47DC-9191-D9D9DE8D7A0B}.Debug|Any CPU.Build.0 = Debug|Any CPU
		{8DC85419-08E7-47DC-9191-D9D9DE8D7A0B}.Release|Any CPU.ActiveCfg = Release|Any CPU
		{8DC85419-08E7-47DC-9191-D9D9DE8D7A0B}.Release|Any CPU.Build.0 = Release|Any CPU
		{E6F6A3A4-1141-49E8-8DA7-B57FB15453E6}.Debug|Any CPU.ActiveCfg = Debug|Any CPU
		{E6F6A3A4-1141-49E8-8DA7-B57FB15453E6}.Debug|Any CPU.Build.0 = Debug|Any CPU
		{E6F6A3A4-1141-49E8-8DA7-B57FB15453E6}.Release|Any CPU.ActiveCfg = Release|Any CPU
		{E6F6A3A4-1141-49E8-8DA7-B57FB15453E6}.Release|Any CPU.Build.0 = Release|Any CPU
		{EE821644-2A58-4F7B-A87A-0DF77E0381DC}.Debug|Any CPU.ActiveCfg = Debug|Any CPU
		{EE821644-2A58-4F7B-A87A-0DF77E0381DC}.Debug|Any CPU.Build.0 = Debug|Any CPU
		{EE821644-2A58-4F7B-A87A-0DF77E0381DC}.Release|Any CPU.ActiveCfg = Release|Any CPU
		{EE821644-2A58-4F7B-A87A-0DF77E0381DC}.Release|Any CPU.Build.0 = Release|Any CPU
	EndGlobalSection
	GlobalSection(SolutionProperties) = preSolution
		HideSolutionNode = FALSE
	EndGlobalSection
	GlobalSection(NestedProjects) = preSolution
		{F3345B9F-8506-4DB3-AB54-0AC8EDA0EDB2} = {5FF5590A-6183-4F24-A331-E45F2EC08F28}
		{5F4E3F3E-0564-4104-B36F-FFDC6B15D5D1} = {5B1F8622-BC35-4A99-A876-68464E131F0E}
		{808015FA-524C-4593-92B0-2D83CE50E897} = {5FF5590A-6183-4F24-A331-E45F2EC08F28}
		{26061D28-4C75-40CE-A9FF-D2A28CE499F0} = {5FF5590A-6183-4F24-A331-E45F2EC08F28}
		{C78E4538-2B8C-4993-B7E7-86834F0D7F2E} = {42B1E702-6DB7-4878-AA74-AA2199717A1F}
		{6A54C738-D578-4EBC-85E4-17AA8DEAE0CD} = {42B1E702-6DB7-4878-AA74-AA2199717A1F}
		{FF5AC75F-EA06-4067-A1EC-4B4933AE85D7} = {42B1E702-6DB7-4878-AA74-AA2199717A1F}
		{E5D2C2DE-636F-4D26-8926-539E1DF5A8D2} = {8EE96DE3-CA3C-4AC9-B1D4-1130EEBC3FB4}
		{25DEE36C-856F-40F8-B9D4-0909CCA5B968} = {5FF5590A-6183-4F24-A331-E45F2EC08F28}
		{F51E8C4B-953C-48C2-9DB0-355EE5F5DFFF} = {CB337A23-6DDA-407B-8D45-4C7CC073A6CF}
		{2A4388BE-1037-4E86-84FF-A0130AA0A40A} = {5FF5590A-6183-4F24-A331-E45F2EC08F28}
		{8DC85419-08E7-47DC-9191-D9D9DE8D7A0B} = {ED735326-33E0-4E88-980D-4FCC89682626}
		{E6F6A3A4-1141-49E8-8DA7-B57FB15453E6} = {ED735326-33E0-4E88-980D-4FCC89682626}
		{EE821644-2A58-4F7B-A87A-0DF77E0381DC} = {A3A03EC6-C03F-4A15-A14E-D47F3574329C}
	EndGlobalSection
	GlobalSection(ExtensibilityGlobals) = postSolution
		SolutionGuid = {8D58BB77-22F2-43A0-8943-8D4A5C1C3CB9}
	EndGlobalSection
EndGlobal
