
Microsoft Visual Studio Solution File, Format Version 12.00
# Visual Studio Version 17
VisualStudioVersion = 17.10.35004.147
MinimumVisualStudioVersion = 10.0.40219.1
Project("{9A19103F-16F7-4668-BE54-9A1E7A4F7556}") = "StringSplit", "StringSplit\StringSplit.csproj", "{F3345B9F-8506-4DB3-AB54-0AC8EDA0EDB2}"
EndProject
Project("{9A19103F-16F7-4668-BE54-9A1E7A4F7556}") = "StateMachineAlgorithm", "StateMachineAlgorithm\StateMachineAlgorithm.csproj", "{5F4E3F3E-0564-4104-B36F-FFDC6B15D5D1}"
EndProject
Project("{9A19103F-16F7-4668-BE54-9A1E7A4F7556}") = "FrozenDic", "FrozenDic\FrozenDic.csproj", "{808015FA-524C-4593-92B0-2D83CE50E897}"
EndProject
Project("{9A19103F-16F7-4668-BE54-9A1E7A4F7556}") = "LogWithStringTemplate", "LogWithStringTemplate\LogWithStringTemplate.csproj", "{26061D28-4C75-40CE-A9FF-D2A28CE499F0}"
EndProject
Project("{2150E333-8FDC-42A3-9474-1A3956D46DE8}") = "gRpc", "gRpc", "{42B1E702-6DB7-4878-AA74-AA2199717A1F}"
EndProject
Project("{2150E333-8FDC-42A3-9474-1A3956D46DE8}") = "Benchmarks", "Benchmarks", "{5FF5590A-6183-4F24-A331-E45F2EC08F28}"
EndProject
Project("{2150E333-8FDC-42A3-9474-1A3956D46DE8}") = "Algorithms", "Algorithms", "{5B1F8622-BC35-4A99-A876-68464E131F0E}"
EndProject
Project("{9A19103F-16F7-4668-BE54-9A1E7A4F7556}") = "GrpcServerSide", "GrpcServerSide\GrpcServerSide.csproj", "{C78E4538-2B8C-4993-B7E7-86834F0D7F2E}"
EndProject
Project("{9A19103F-16F7-4668-BE54-9A1E7A4F7556}") = "Consumer", "Consumer\Consumer.csproj", "{6A54C738-D578-4EBC-85E4-17AA8DEAE0CD}"
EndProject
Project("{9A19103F-16F7-4668-BE54-9A1E7A4F7556}") = "DeserializerCompare", "DeserializerCompare\DeserializerCompare.csproj", "{FF5AC75F-EA06-4067-A1EC-4B4933AE85D7}"
EndProject
Project("{2150E333-8FDC-42A3-9474-1A3956D46DE8}") = "Roslyn", "Roslyn", "{8EE96DE3-CA3C-4AC9-B1D4-1130EEBC3FB4}"
EndProject
Project("{9A19103F-16F7-4668-BE54-9A1E7A4F7556}") = "RoslynUsing", "RoslynUsing\RoslynUsing.csproj", "{E5D2C2DE-636F-4D26-8926-539E1DF5A8D2}"
EndProject
Project("{9A19103F-16F7-4668-BE54-9A1E7A4F7556}") = "GetStackTrace", "10GetStackTrace\GetStackTrace.csproj", "{25DEE36C-856F-40F8-B9D4-0909CCA5B968}"
EndProject
Project("{2150E333-8FDC-42A3-9474-1A3956D46DE8}") = "FluentValidation", "FluentValidation", "{CB337A23-6DDA-407B-8D45-4C7CC073A6CF}"
EndProject
Project("{9A19103F-16F7-4668-BE54-9A1E7A4F7556}") = "FluentValidationDemo", "FluentValidationDemo\FluentValidationDemo.csproj", "{F51E8C4B-953C-48C2-9DB0-355EE5F5DFFF}"
EndProject
Project("{9A19103F-16F7-4668-BE54-9A1E7A4F7556}") = "Benchmarks", "Benchmarks\Benchmarks.csproj", "{2A4388BE-1037-4E86-84FF-A0130AA0A40A}"
EndProject
Project("{2150E333-8FDC-42A3-9474-1A3956D46DE8}") = "Scalar", "Scalar", "{ED735326-33E0-4E88-980D-4FCC89682626}"
EndProject
Project("{9A19103F-16F7-4668-BE54-9A1E7A4F7556}") = "Net8Usage", "Net8Usage\Net8Usage.csproj", "{8DC85419-08E7-47DC-9191-D9D9DE8D7A0B}"
EndProject
Project("{9A19103F-16F7-4668-BE54-9A1E7A4F7556}") = "Net9Usage", "Net9Usage\Net9Usage.csproj", "{E6F6A3A4-1141-49E8-8DA7-B57FB15453E6}"
EndProject
Project("{2150E333-8FDC-42A3-9474-1A3956D46DE8}") = "GuardClause", "GuardClause", "{A3A03EC6-C03F-4A15-A14E-D47F3574329C}"
EndProject
Project("{9A19103F-16F7-4668-BE54-9A1E7A4F7556}") = "GuardClause", "GuardClause\GuardClause.csproj", "{EE821644-2A58-4F7B-A87A-0DF77E0381DC}"
EndProject
Project("{2150E333-8FDC-42A3-9474-1A3956D46DE8}") = "IAsyncEnumerabe", "IAsyncEnumerabe", "{1BD0947D-3439-4570-9F0C-E97815307B5D}"
EndProject
Project("{2150E333-8FDC-42A3-9474-1A3956D46DE8}") = "MediatR", "MediatR", "{4FCAEF35-C345-4D47-A1F8-6EE3348F7680}"
EndProject
Project("{9A19103F-16F7-4668-BE54-9A1E7A4F7556}") = "MediatRUsage", "MediatRUsage\MediatRUsage.csproj", "{22C4CF8F-AEC3-42D2-A8DC-1FDCB9FF4E7E}"
EndProject
Project("{2150E333-8FDC-42A3-9474-1A3956D46DE8}") = "Solution Items", "Solution Items", "{46577590-6327-4633-B2ED-E475F75E5E18}"
EndProject
Project("{9A19103F-16F7-4668-BE54-9A1E7A4F7556}") = "MediatRWebApi", "MediatRWebApi\MediatRWebApi.csproj", "{4E691ECF-3891-4B83-BEE4-2B43CAE092DE}"
EndProject
Project("{9A19103F-16F7-4668-BE54-9A1E7A4F7556}") = "MediatRDomain", "MediatRDomain\MediatRDomain.csproj", "{B8767E15-1CA1-43D6-8E28-C9F8F90CE90C}"
EndProject
Project("{9A19103F-16F7-4668-BE54-9A1E7A4F7556}") = "MediatRInfrastructure", "MediatRInfrastructure\MediatRInfrastructure.csproj", "{1E139F22-DC1A-47A7-AD5E-733B16E2C132}"
EndProject
Project("{9A19103F-16F7-4668-BE54-9A1E7A4F7556}") = "MediatRPresentation", "MediatRPresentation\MediatRPresentation.csproj", "{9AC98514-ECAE-4BCA-B12A-F9867A0F68F1}"
EndProject
Project("{2150E333-8FDC-42A3-9474-1A3956D46DE8}") = "BuilderPattern", "BuilderPattern", "{7CB310E5-B4F8-446B-886F-A9548392F845}"
EndProject
Project("{9A19103F-16F7-4668-BE54-9A1E7A4F7556}") = "BuilderPattern", "BuilderPattern\BuilderPattern.csproj", "{1130F9E3-B0BE-4F8E-AAC2-FE829DDEACB5}"
EndProject
Project("{2150E333-8FDC-42A3-9474-1A3956D46DE8}") = "DecoratePattern", "DecoratePattern", "{0E2BB83D-F04C-4621-9AE4-2E908EA7F3B7}"
EndProject
Project("{2150E333-8FDC-42A3-9474-1A3956D46DE8}") = "OutBoxPattern", "OutBoxPattern", "{CB210B17-EB1E-4999-B539-133059C1B970}"
EndProject
Project("{9A19103F-16F7-4668-BE54-9A1E7A4F7556}") = "OutboxExample.Contracts", "OutboxExample.Contracts\OutboxExample.Contracts.csproj", "{E8E550A9-7452-49CD-A04B-76333DC54BD0}"
EndProject
Project("{9A19103F-16F7-4668-BE54-9A1E7A4F7556}") = "DecoratePattern", "DecoratePattern\DecoratePattern.csproj", "{A3C848ED-B0F4-432A-B74E-CCBA9CA7623C}"
EndProject
Project("{9A19103F-16F7-4668-BE54-9A1E7A4F7556}") = "OutboxExampleAPI", "OutboxExampleAPI\OutboxExampleAPI.csproj", "{E3350B8C-71D8-40DF-BAF6-D964E8C6323D}"
EndProject
Project("{2150E333-8FDC-42A3-9474-1A3956D46DE8}") = "HttpClientResilience", "HttpClientResilience", "{A1235761-2D22-4BCE-9BD6-BB2397F77466}"
EndProject
Project("{9A19103F-16F7-4668-BE54-9A1E7A4F7556}") = "AspireWithResilientHttpClient.ApiService", "AspireWithResilientHttpClient.ApiService\AspireWithResilientHttpClient.ApiService.csproj", "{07E218B1-5AD5-4BE8-9BE6-75CC0058B094}"
EndProject
Project("{9A19103F-16F7-4668-BE54-9A1E7A4F7556}") = "AspireWithResilientHttpClient.AppHost", "AspireWithResilientHttpClient.AppHost\AspireWithResilientHttpClient.AppHost.csproj", "{91102EA1-71C8-4EFF-A16D-905E2738DA33}"
EndProject
Project("{9A19103F-16F7-4668-BE54-9A1E7A4F7556}") = "AspireWithResilientHttpClient.ServiceDefaults", "AspireWithResilientHttpClient.ServiceDefaults\AspireWithResilientHttpClient.ServiceDefaults.csproj", "{2ED3C668-1266-45E3-8E27-EF0FADA1CE80}"
EndProject
Project("{9A19103F-16F7-4668-BE54-9A1E7A4F7556}") = "AspireWithResilientHttpClient.Web", "AspireWithResilientHttpClient.Web\AspireWithResilientHttpClient.Web.csproj", "{2BE78A2A-DF69-4CC1-9E22-D39D14A7C500}"
EndProject
Project("{2150E333-8FDC-42A3-9474-1A3956D46DE8}") = "AspNetCoreOptions", "AspNetCoreOptions", "{2E5E983B-CFFC-496C-9A72-B08713401ECA}"
EndProject
Project("{9A19103F-16F7-4668-BE54-9A1E7A4F7556}") = "MyWebApi", "AspNetCoreOptions\MyWebApi.csproj", "{66EE28E0-B3A1-4AFD-8603-F2AACE6642BC}"
EndProject
Project("{2150E333-8FDC-42A3-9474-1A3956D46DE8}") = "LanguageExt", "LanguageExt", "{9C4DAE0C-334F-4A51-9A3E-349AEAE7DB86}"
EndProject
Project("{FAE04EC0-301F-11D3-BF4B-00C04F79EFBC}") = "Nullable", "LangExt\Nullable.csproj", "{D0814F2C-FCE7-4C5D-97BC-D0687050F38A}"
EndProject
Project("{FAE04EC0-301F-11D3-BF4B-00C04F79EFBC}") = "OptionMonad", "OptionMonad\OptionMonad.csproj", "{B77FC9B8-D4F7-4848-8851-A55257594AF5}"
EndProject
Project("{2150E333-8FDC-42A3-9474-1A3956D46DE8}") = "Net9Perfermance", "Net9Perfermance", "{02EA681E-C7D8-13C7-8484-4AC65E1B71E8}"
EndProject
Project("{FAE04EC0-301F-11D3-BF4B-00C04F79EFBC}") = "Net9Perf", "Net9Perf\Net9Perf.csproj", "{F928BB9C-E999-4C58-B3D3-B0FE2441403C}"
EndProject
Project("{FAE04EC0-301F-11D3-BF4B-00C04F79EFBC}") = "TaxItemCategorySync", "TaxItemCategorySync\TaxItemCategorySync.csproj", "{031BA88C-86F7-46D3-9577-DE55B77EC8CA}"
EndProject
Global
	GlobalSection(SolutionConfigurationPlatforms) = preSolution
		Debug|Any CPU = Debug|Any CPU
		Release|Any CPU = Release|Any CPU
	EndGlobalSection
	GlobalSection(ProjectConfigurationPlatforms) = postSolution
		{F3345B9F-8506-4DB3-AB54-0AC8EDA0EDB2}.Debug|Any CPU.ActiveCfg = Debug|Any CPU
		{F3345B9F-8506-4DB3-AB54-0AC8EDA0EDB2}.Debug|Any CPU.Build.0 = Debug|Any CPU
		{F3345B9F-8506-4DB3-AB54-0AC8EDA0EDB2}.Release|Any CPU.ActiveCfg = Release|Any CPU
		{F3345B9F-8506-4DB3-AB54-0AC8EDA0EDB2}.Release|Any CPU.Build.0 = Release|Any CPU
		{5F4E3F3E-0564-4104-B36F-FFDC6B15D5D1}.Debug|Any CPU.ActiveCfg = Debug|Any CPU
		{5F4E3F3E-0564-4104-B36F-FFDC6B15D5D1}.Debug|Any CPU.Build.0 = Debug|Any CPU
		{5F4E3F3E-0564-4104-B36F-FFDC6B15D5D1}.Release|Any CPU.ActiveCfg = Release|Any CPU
		{5F4E3F3E-0564-4104-B36F-FFDC6B15D5D1}.Release|Any CPU.Build.0 = Release|Any CPU
		{808015FA-524C-4593-92B0-2D83CE50E897}.Debug|Any CPU.ActiveCfg = Debug|Any CPU
		{808015FA-524C-4593-92B0-2D83CE50E897}.Debug|Any CPU.Build.0 = Debug|Any CPU
		{808015FA-524C-4593-92B0-2D83CE50E897}.Release|Any CPU.ActiveCfg = Release|Any CPU
		{808015FA-524C-4593-92B0-2D83CE50E897}.Release|Any CPU.Build.0 = Release|Any CPU
		{26061D28-4C75-40CE-A9FF-D2A28CE499F0}.Debug|Any CPU.ActiveCfg = Debug|Any CPU
		{26061D28-4C75-40CE-A9FF-D2A28CE499F0}.Debug|Any CPU.Build.0 = Debug|Any CPU
		{26061D28-4C75-40CE-A9FF-D2A28CE499F0}.Release|Any CPU.ActiveCfg = Release|Any CPU
		{26061D28-4C75-40CE-A9FF-D2A28CE499F0}.Release|Any CPU.Build.0 = Release|Any CPU
		{C78E4538-2B8C-4993-B7E7-86834F0D7F2E}.Debug|Any CPU.ActiveCfg = Debug|Any CPU
		{C78E4538-2B8C-4993-B7E7-86834F0D7F2E}.Debug|Any CPU.Build.0 = Debug|Any CPU
		{C78E4538-2B8C-4993-B7E7-86834F0D7F2E}.Release|Any CPU.ActiveCfg = Release|Any CPU
		{C78E4538-2B8C-4993-B7E7-86834F0D7F2E}.Release|Any CPU.Build.0 = Release|Any CPU
		{6A54C738-D578-4EBC-85E4-17AA8DEAE0CD}.Debug|Any CPU.ActiveCfg = Debug|Any CPU
		{6A54C738-D578-4EBC-85E4-17AA8DEAE0CD}.Debug|Any CPU.Build.0 = Debug|Any CPU
		{6A54C738-D578-4EBC-85E4-17AA8DEAE0CD}.Release|Any CPU.ActiveCfg = Release|Any CPU
		{6A54C738-D578-4EBC-85E4-17AA8DEAE0CD}.Release|Any CPU.Build.0 = Release|Any CPU
		{FF5AC75F-EA06-4067-A1EC-4B4933AE85D7}.Debug|Any CPU.ActiveCfg = Debug|Any CPU
		{FF5AC75F-EA06-4067-A1EC-4B4933AE85D7}.Debug|Any CPU.Build.0 = Debug|Any CPU
		{FF5AC75F-EA06-4067-A1EC-4B4933AE85D7}.Release|Any CPU.ActiveCfg = Release|Any CPU
		{FF5AC75F-EA06-4067-A1EC-4B4933AE85D7}.Release|Any CPU.Build.0 = Release|Any CPU
		{E5D2C2DE-636F-4D26-8926-539E1DF5A8D2}.Debug|Any CPU.ActiveCfg = Debug|Any CPU
		{E5D2C2DE-636F-4D26-8926-539E1DF5A8D2}.Debug|Any CPU.Build.0 = Debug|Any CPU
		{E5D2C2DE-636F-4D26-8926-539E1DF5A8D2}.Release|Any CPU.ActiveCfg = Release|Any CPU
		{E5D2C2DE-636F-4D26-8926-539E1DF5A8D2}.Release|Any CPU.Build.0 = Release|Any CPU
		{25DEE36C-856F-40F8-B9D4-0909CCA5B968}.Debug|Any CPU.ActiveCfg = Debug|Any CPU
		{25DEE36C-856F-40F8-B9D4-0909CCA5B968}.Debug|Any CPU.Build.0 = Debug|Any CPU
		{25DEE36C-856F-40F8-B9D4-0909CCA5B968}.Release|Any CPU.ActiveCfg = Release|Any CPU
		{25DEE36C-856F-40F8-B9D4-0909CCA5B968}.Release|Any CPU.Build.0 = Release|Any CPU
		{F51E8C4B-953C-48C2-9DB0-355EE5F5DFFF}.Debug|Any CPU.ActiveCfg = Debug|Any CPU
		{F51E8C4B-953C-48C2-9DB0-355EE5F5DFFF}.Debug|Any CPU.Build.0 = Debug|Any CPU
		{F51E8C4B-953C-48C2-9DB0-355EE5F5DFFF}.Release|Any CPU.ActiveCfg = Release|Any CPU
		{F51E8C4B-953C-48C2-9DB0-355EE5F5DFFF}.Release|Any CPU.Build.0 = Release|Any CPU
		{2A4388BE-1037-4E86-84FF-A0130AA0A40A}.Debug|Any CPU.ActiveCfg = Debug|Any CPU
		{2A4388BE-1037-4E86-84FF-A0130AA0A40A}.Debug|Any CPU.Build.0 = Debug|Any CPU
		{2A4388BE-1037-4E86-84FF-A0130AA0A40A}.Release|Any CPU.ActiveCfg = Release|Any CPU
		{2A4388BE-1037-4E86-84FF-A0130AA0A40A}.Release|Any CPU.Build.0 = Release|Any CPU
		{8DC85419-08E7-47DC-9191-D9D9DE8D7A0B}.Debug|Any CPU.ActiveCfg = Debug|Any CPU
		{8DC85419-08E7-47DC-9191-D9D9DE8D7A0B}.Debug|Any CPU.Build.0 = Debug|Any CPU
		{8DC85419-08E7-47DC-9191-D9D9DE8D7A0B}.Release|Any CPU.ActiveCfg = Release|Any CPU
		{8DC85419-08E7-47DC-9191-D9D9DE8D7A0B}.Release|Any CPU.Build.0 = Release|Any CPU
		{E6F6A3A4-1141-49E8-8DA7-B57FB15453E6}.Debug|Any CPU.ActiveCfg = Debug|Any CPU
		{E6F6A3A4-1141-49E8-8DA7-B57FB15453E6}.Debug|Any CPU.Build.0 = Debug|Any CPU
		{E6F6A3A4-1141-49E8-8DA7-B57FB15453E6}.Release|Any CPU.ActiveCfg = Release|Any CPU
		{E6F6A3A4-1141-49E8-8DA7-B57FB15453E6}.Release|Any CPU.Build.0 = Release|Any CPU
		{EE821644-2A58-4F7B-A87A-0DF77E0381DC}.Debug|Any CPU.ActiveCfg = Debug|Any CPU
		{EE821644-2A58-4F7B-A87A-0DF77E0381DC}.Debug|Any CPU.Build.0 = Debug|Any CPU
		{EE821644-2A58-4F7B-A87A-0DF77E0381DC}.Release|Any CPU.ActiveCfg = Release|Any CPU
		{EE821644-2A58-4F7B-A87A-0DF77E0381DC}.Release|Any CPU.Build.0 = Release|Any CPU
		{22C4CF8F-AEC3-42D2-A8DC-1FDCB9FF4E7E}.Debug|Any CPU.ActiveCfg = Debug|Any CPU
		{22C4CF8F-AEC3-42D2-A8DC-1FDCB9FF4E7E}.Debug|Any CPU.Build.0 = Debug|Any CPU
		{22C4CF8F-AEC3-42D2-A8DC-1FDCB9FF4E7E}.Release|Any CPU.ActiveCfg = Release|Any CPU
		{22C4CF8F-AEC3-42D2-A8DC-1FDCB9FF4E7E}.Release|Any CPU.Build.0 = Release|Any CPU
		{4E691ECF-3891-4B83-BEE4-2B43CAE092DE}.Debug|Any CPU.ActiveCfg = Debug|Any CPU
		{4E691ECF-3891-4B83-BEE4-2B43CAE092DE}.Debug|Any CPU.Build.0 = Debug|Any CPU
		{4E691ECF-3891-4B83-BEE4-2B43CAE092DE}.Release|Any CPU.ActiveCfg = Release|Any CPU
		{4E691ECF-3891-4B83-BEE4-2B43CAE092DE}.Release|Any CPU.Build.0 = Release|Any CPU
		{B8767E15-1CA1-43D6-8E28-C9F8F90CE90C}.Debug|Any CPU.ActiveCfg = Debug|Any CPU
		{B8767E15-1CA1-43D6-8E28-C9F8F90CE90C}.Debug|Any CPU.Build.0 = Debug|Any CPU
		{B8767E15-1CA1-43D6-8E28-C9F8F90CE90C}.Release|Any CPU.ActiveCfg = Release|Any CPU
		{B8767E15-1CA1-43D6-8E28-C9F8F90CE90C}.Release|Any CPU.Build.0 = Release|Any CPU
		{1E139F22-DC1A-47A7-AD5E-733B16E2C132}.Debug|Any CPU.ActiveCfg = Debug|Any CPU
		{1E139F22-DC1A-47A7-AD5E-733B16E2C132}.Debug|Any CPU.Build.0 = Debug|Any CPU
		{1E139F22-DC1A-47A7-AD5E-733B16E2C132}.Release|Any CPU.ActiveCfg = Release|Any CPU
		{1E139F22-DC1A-47A7-AD5E-733B16E2C132}.Release|Any CPU.Build.0 = Release|Any CPU
		{9AC98514-ECAE-4BCA-B12A-F9867A0F68F1}.Debug|Any CPU.ActiveCfg = Debug|Any CPU
		{9AC98514-ECAE-4BCA-B12A-F9867A0F68F1}.Debug|Any CPU.Build.0 = Debug|Any CPU
		{9AC98514-ECAE-4BCA-B12A-F9867A0F68F1}.Release|Any CPU.ActiveCfg = Release|Any CPU
		{9AC98514-ECAE-4BCA-B12A-F9867A0F68F1}.Release|Any CPU.Build.0 = Release|Any CPU
		{1130F9E3-B0BE-4F8E-AAC2-FE829DDEACB5}.Debug|Any CPU.ActiveCfg = Debug|Any CPU
		{1130F9E3-B0BE-4F8E-AAC2-FE829DDEACB5}.Debug|Any CPU.Build.0 = Debug|Any CPU
		{1130F9E3-B0BE-4F8E-AAC2-FE829DDEACB5}.Release|Any CPU.ActiveCfg = Release|Any CPU
		{1130F9E3-B0BE-4F8E-AAC2-FE829DDEACB5}.Release|Any CPU.Build.0 = Release|Any CPU
		{E8E550A9-7452-49CD-A04B-76333DC54BD0}.Debug|Any CPU.ActiveCfg = Debug|Any CPU
		{E8E550A9-7452-49CD-A04B-76333DC54BD0}.Debug|Any CPU.Build.0 = Debug|Any CPU
		{E8E550A9-7452-49CD-A04B-76333DC54BD0}.Release|Any CPU.ActiveCfg = Release|Any CPU
		{E8E550A9-7452-49CD-A04B-76333DC54BD0}.Release|Any CPU.Build.0 = Release|Any CPU
		{A3C848ED-B0F4-432A-B74E-CCBA9CA7623C}.Debug|Any CPU.ActiveCfg = Debug|Any CPU
		{A3C848ED-B0F4-432A-B74E-CCBA9CA7623C}.Debug|Any CPU.Build.0 = Debug|Any CPU
		{A3C848ED-B0F4-432A-B74E-CCBA9CA7623C}.Release|Any CPU.ActiveCfg = Release|Any CPU
		{A3C848ED-B0F4-432A-B74E-CCBA9CA7623C}.Release|Any CPU.Build.0 = Release|Any CPU
		{E3350B8C-71D8-40DF-BAF6-D964E8C6323D}.Debug|Any CPU.ActiveCfg = Debug|Any CPU
		{E3350B8C-71D8-40DF-BAF6-D964E8C6323D}.Debug|Any CPU.Build.0 = Debug|Any CPU
		{E3350B8C-71D8-40DF-BAF6-D964E8C6323D}.Release|Any CPU.ActiveCfg = Release|Any CPU
		{E3350B8C-71D8-40DF-BAF6-D964E8C6323D}.Release|Any CPU.Build.0 = Release|Any CPU
		{07E218B1-5AD5-4BE8-9BE6-75CC0058B094}.Debug|Any CPU.ActiveCfg = Debug|Any CPU
		{07E218B1-5AD5-4BE8-9BE6-75CC0058B094}.Debug|Any CPU.Build.0 = Debug|Any CPU
		{07E218B1-5AD5-4BE8-9BE6-75CC0058B094}.Release|Any CPU.ActiveCfg = Release|Any CPU
		{07E218B1-5AD5-4BE8-9BE6-75CC0058B094}.Release|Any CPU.Build.0 = Release|Any CPU
		{91102EA1-71C8-4EFF-A16D-905E2738DA33}.Debug|Any CPU.ActiveCfg = Debug|Any CPU
		{91102EA1-71C8-4EFF-A16D-905E2738DA33}.Debug|Any CPU.Build.0 = Debug|Any CPU
		{91102EA1-71C8-4EFF-A16D-905E2738DA33}.Release|Any CPU.ActiveCfg = Release|Any CPU
		{91102EA1-71C8-4EFF-A16D-905E2738DA33}.Release|Any CPU.Build.0 = Release|Any CPU
		{2ED3C668-1266-45E3-8E27-EF0FADA1CE80}.Debug|Any CPU.ActiveCfg = Debug|Any CPU
		{2ED3C668-1266-45E3-8E27-EF0FADA1CE80}.Debug|Any CPU.Build.0 = Debug|Any CPU
		{2ED3C668-1266-45E3-8E27-EF0FADA1CE80}.Release|Any CPU.ActiveCfg = Release|Any CPU
		{2ED3C668-1266-45E3-8E27-EF0FADA1CE80}.Release|Any CPU.Build.0 = Release|Any CPU
		{2BE78A2A-DF69-4CC1-9E22-D39D14A7C500}.Debug|Any CPU.ActiveCfg = Debug|Any CPU
		{2BE78A2A-DF69-4CC1-9E22-D39D14A7C500}.Debug|Any CPU.Build.0 = Debug|Any CPU
		{2BE78A2A-DF69-4CC1-9E22-D39D14A7C500}.Release|Any CPU.ActiveCfg = Release|Any CPU
		{2BE78A2A-DF69-4CC1-9E22-D39D14A7C500}.Release|Any CPU.Build.0 = Release|Any CPU
		{66EE28E0-B3A1-4AFD-8603-F2AACE6642BC}.Debug|Any CPU.ActiveCfg = Debug|Any CPU
		{66EE28E0-B3A1-4AFD-8603-F2AACE6642BC}.Debug|Any CPU.Build.0 = Debug|Any CPU
		{66EE28E0-B3A1-4AFD-8603-F2AACE6642BC}.Release|Any CPU.ActiveCfg = Release|Any CPU
		{66EE28E0-B3A1-4AFD-8603-F2AACE6642BC}.Release|Any CPU.Build.0 = Release|Any CPU
		{D0814F2C-FCE7-4C5D-97BC-D0687050F38A}.Debug|Any CPU.ActiveCfg = Debug|Any CPU
		{D0814F2C-FCE7-4C5D-97BC-D0687050F38A}.Debug|Any CPU.Build.0 = Debug|Any CPU
		{D0814F2C-FCE7-4C5D-97BC-D0687050F38A}.Release|Any CPU.ActiveCfg = Release|Any CPU
		{D0814F2C-FCE7-4C5D-97BC-D0687050F38A}.Release|Any CPU.Build.0 = Release|Any CPU
		{B77FC9B8-D4F7-4848-8851-A55257594AF5}.Debug|Any CPU.ActiveCfg = Debug|Any CPU
		{B77FC9B8-D4F7-4848-8851-A55257594AF5}.Debug|Any CPU.Build.0 = Debug|Any CPU
		{B77FC9B8-D4F7-4848-8851-A55257594AF5}.Release|Any CPU.ActiveCfg = Release|Any CPU
		{B77FC9B8-D4F7-4848-8851-A55257594AF5}.Release|Any CPU.Build.0 = Release|Any CPU
		{F928BB9C-E999-4C58-B3D3-B0FE2441403C}.Debug|Any CPU.ActiveCfg = Debug|Any CPU
		{F928BB9C-E999-4C58-B3D3-B0FE2441403C}.Debug|Any CPU.Build.0 = Debug|Any CPU
		{F928BB9C-E999-4C58-B3D3-B0FE2441403C}.Release|Any CPU.ActiveCfg = Release|Any CPU
		{F928BB9C-E999-4C58-B3D3-B0FE2441403C}.Release|Any CPU.Build.0 = Release|Any CPU
		{031BA88C-86F7-46D3-9577-DE55B77EC8CA}.Debug|Any CPU.ActiveCfg = Debug|Any CPU
		{031BA88C-86F7-46D3-9577-DE55B77EC8CA}.Debug|Any CPU.Build.0 = Debug|Any CPU
		{031BA88C-86F7-46D3-9577-DE55B77EC8CA}.Release|Any CPU.ActiveCfg = Release|Any CPU
		{031BA88C-86F7-46D3-9577-DE55B77EC8CA}.Release|Any CPU.Build.0 = Release|Any CPU
	EndGlobalSection
	GlobalSection(SolutionProperties) = preSolution
		HideSolutionNode = FALSE
	EndGlobalSection
	GlobalSection(NestedProjects) = preSolution
		{F3345B9F-8506-4DB3-AB54-0AC8EDA0EDB2} = {5FF5590A-6183-4F24-A331-E45F2EC08F28}
		{5F4E3F3E-0564-4104-B36F-FFDC6B15D5D1} = {5B1F8622-BC35-4A99-A876-68464E131F0E}
		{808015FA-524C-4593-92B0-2D83CE50E897} = {5FF5590A-6183-4F24-A331-E45F2EC08F28}
		{26061D28-4C75-40CE-A9FF-D2A28CE499F0} = {5FF5590A-6183-4F24-A331-E45F2EC08F28}
		{C78E4538-2B8C-4993-B7E7-86834F0D7F2E} = {42B1E702-6DB7-4878-AA74-AA2199717A1F}
		{6A54C738-D578-4EBC-85E4-17AA8DEAE0CD} = {42B1E702-6DB7-4878-AA74-AA2199717A1F}
		{FF5AC75F-EA06-4067-A1EC-4B4933AE85D7} = {42B1E702-6DB7-4878-AA74-AA2199717A1F}
		{E5D2C2DE-636F-4D26-8926-539E1DF5A8D2} = {8EE96DE3-CA3C-4AC9-B1D4-1130EEBC3FB4}
		{25DEE36C-856F-40F8-B9D4-0909CCA5B968} = {5FF5590A-6183-4F24-A331-E45F2EC08F28}
		{F51E8C4B-953C-48C2-9DB0-355EE5F5DFFF} = {CB337A23-6DDA-407B-8D45-4C7CC073A6CF}
		{2A4388BE-1037-4E86-84FF-A0130AA0A40A} = {5FF5590A-6183-4F24-A331-E45F2EC08F28}
		{8DC85419-08E7-47DC-9191-D9D9DE8D7A0B} = {ED735326-33E0-4E88-980D-4FCC89682626}
		{E6F6A3A4-1141-49E8-8DA7-B57FB15453E6} = {ED735326-33E0-4E88-980D-4FCC89682626}
		{EE821644-2A58-4F7B-A87A-0DF77E0381DC} = {A3A03EC6-C03F-4A15-A14E-D47F3574329C}
		{22C4CF8F-AEC3-42D2-A8DC-1FDCB9FF4E7E} = {4FCAEF35-C345-4D47-A1F8-6EE3348F7680}
		{46577590-6327-4633-B2ED-E475F75E5E18} = {4FCAEF35-C345-4D47-A1F8-6EE3348F7680}
		{4E691ECF-3891-4B83-BEE4-2B43CAE092DE} = {46577590-6327-4633-B2ED-E475F75E5E18}
		{B8767E15-1CA1-43D6-8E28-C9F8F90CE90C} = {46577590-6327-4633-B2ED-E475F75E5E18}
		{1E139F22-DC1A-47A7-AD5E-733B16E2C132} = {46577590-6327-4633-B2ED-E475F75E5E18}
		{9AC98514-ECAE-4BCA-B12A-F9867A0F68F1} = {46577590-6327-4633-B2ED-E475F75E5E18}
		{1130F9E3-B0BE-4F8E-AAC2-FE829DDEACB5} = {7CB310E5-B4F8-446B-886F-A9548392F845}
		{E8E550A9-7452-49CD-A04B-76333DC54BD0} = {CB210B17-EB1E-4999-B539-133059C1B970}
		{A3C848ED-B0F4-432A-B74E-CCBA9CA7623C} = {0E2BB83D-F04C-4621-9AE4-2E908EA7F3B7}
		{E3350B8C-71D8-40DF-BAF6-D964E8C6323D} = {CB210B17-EB1E-4999-B539-133059C1B970}
		{07E218B1-5AD5-4BE8-9BE6-75CC0058B094} = {A1235761-2D22-4BCE-9BD6-BB2397F77466}
		{91102EA1-71C8-4EFF-A16D-905E2738DA33} = {A1235761-2D22-4BCE-9BD6-BB2397F77466}
		{2ED3C668-1266-45E3-8E27-EF0FADA1CE80} = {A1235761-2D22-4BCE-9BD6-BB2397F77466}
		{2BE78A2A-DF69-4CC1-9E22-D39D14A7C500} = {A1235761-2D22-4BCE-9BD6-BB2397F77466}
		{66EE28E0-B3A1-4AFD-8603-F2AACE6642BC} = {2E5E983B-CFFC-496C-9A72-B08713401ECA}
		{D0814F2C-FCE7-4C5D-97BC-D0687050F38A} = {9C4DAE0C-334F-4A51-9A3E-349AEAE7DB86}
		{B77FC9B8-D4F7-4848-8851-A55257594AF5} = {9C4DAE0C-334F-4A51-9A3E-349AEAE7DB86}
		{F928BB9C-E999-4C58-B3D3-B0FE2441403C} = {02EA681E-C7D8-13C7-8484-4AC65E1B71E8}
		{031BA88C-86F7-46D3-9577-DE55B77EC8CA} = {5FF5590A-6183-4F24-A331-E45F2EC08F28}
	EndGlobalSection
	GlobalSection(ExtensibilityGlobals) = postSolution
		SolutionGuid = {8D58BB77-22F2-43A0-8943-8D4A5C1C3CB9}
	EndGlobalSection
EndGlobal
